{
  "name": "claude-wrapper",
  "version": "1.1.7",
  "lockfileVersion": 3,
  "requires": true,
  "packages": {
    "": {
      "name": "claude-wrapper",
      "version": "1.1.7",
      "hasInstallScript": true,
      "license": "MIT",
      "bin": {
        "claude-wrapper": "app/dist/cli.js"
      },
      "engines": {
        "node": ">=18.0.0"
      }
    }
  }
}
